
Microsoft Visual Studio Solution File, Format Version 12.00
# Visual Studio 14
VisualStudioVersion = 14.0.25420.1
MinimumVisualStudioVersion = 10.0.40219.1
Project("{F2A71F9B-5D33-465A-A702-920D77279786}") = "FSharp.DocumentDb.Wrappers.Azure", "FSharp.DocumentDb.Wrappers\FSharp.DocumentDb.Wrappers.Azure.fsproj", "{8923F353-754D-4F9D-9AE9-445262437B41}"
EndProject
Project("{F2A71F9B-5D33-465A-A702-920D77279786}") = "FSharp.DocumentDb.Wrappers.Tests", "FSharp.DocumentDb.Tests\FSharp.DocumentDb.Wrappers.Tests.fsproj", "{D8608324-83AF-4EE5-9D2D-35D59033B74C}"
EndProject
Global
	GlobalSection(SolutionConfigurationPlatforms) = preSolution
		Debug|Any CPU = Debug|Any CPU
		Release|Any CPU = Release|Any CPU
	EndGlobalSection
	GlobalSection(ProjectConfigurationPlatforms) = postSolution
		{8923F353-754D-4F9D-9AE9-445262437B41}.Debug|Any CPU.ActiveCfg = Debug|Any CPU
		{8923F353-754D-4F9D-9AE9-445262437B41}.Debug|Any CPU.Build.0 = Debug|Any CPU
		{8923F353-754D-4F9D-9AE9-445262437B41}.Release|Any CPU.ActiveCfg = Release|Any CPU
		{8923F353-754D-4F9D-9AE9-445262437B41}.Release|Any CPU.Build.0 = Release|Any CPU
		{D8608324-83AF-4EE5-9D2D-35D59033B74C}.Debug|Any CPU.ActiveCfg = Debug|Any CPU
		{D8608324-83AF-4EE5-9D2D-35D59033B74C}.Debug|Any CPU.Build.0 = Debug|Any CPU
		{D8608324-83AF-4EE5-9D2D-35D59033B74C}.Release|Any CPU.ActiveCfg = Release|Any CPU
		{D8608324-83AF-4EE5-9D2D-35D59033B74C}.Release|Any CPU.Build.0 = Release|Any CPU
	EndGlobalSection
	GlobalSection(SolutionProperties) = preSolution
		HideSolutionNode = FALSE
	EndGlobalSection
EndGlobal
